
Microsoft Visual Studio Solution File, Format Version 12.00
# Visual Studio 15
VisualStudioVersion = 15.0.28010.2050
MinimumVisualStudioVersion = 10.0.40219.1
Project("{FAE04EC0-301F-11D3-BF4B-00C04F79EFBC}") = "DesignPatternsBoekOpdrachten", "DesignPatternsBoekOpdrachten\DesignPatternsBoekOpdrachten.csproj", "{AAB1311D-B5D4-48A2-A4EB-0524F9BBCF4C}"
EndProject
Project("{FAE04EC0-301F-11D3-BF4B-00C04F79EFBC}") = "DesignPatternsCasusOpdrachten", "DesignPatternsCasusOpdrachten\DesignPatternsCasusOpdrachten.csproj", "{6B792CE1-F3B8-423A-8514-5FDED2728521}"
EndProject
Project("{FAE04EC0-301F-11D3-BF4B-00C04F79EFBC}") = "Oefentoets Design Patterns Januari 2016", "Oefentoets Design Patterns\Oefentoets Design Patterns Januari 2016.csproj", "{F4F6AF02-FF97-4E01-909A-C50D19B1AC44}"
EndProject
Project("{FAE04EC0-301F-11D3-BF4B-00C04F79EFBC}") = "Oefentoets Design Patterns April 2016", "Oefentoets Design Patterns 2016\Oefentoets Design Patterns April 2016.csproj", "{A31D5B8A-306A-4B6F-BA6D-13F87B8D0111}"
EndProject
Global
	GlobalSection(SolutionConfigurationPlatforms) = preSolution
		Debug|Any CPU = Debug|Any CPU
		Release|Any CPU = Release|Any CPU
	EndGlobalSection
	GlobalSection(ProjectConfigurationPlatforms) = postSolution
		{AAB1311D-B5D4-48A2-A4EB-0524F9BBCF4C}.Debug|Any CPU.ActiveCfg = Debug|Any CPU
		{AAB1311D-B5D4-48A2-A4EB-0524F9BBCF4C}.Debug|Any CPU.Build.0 = Debug|Any CPU
		{AAB1311D-B5D4-48A2-A4EB-0524F9BBCF4C}.Release|Any CPU.ActiveCfg = Release|Any CPU
		{AAB1311D-B5D4-48A2-A4EB-0524F9BBCF4C}.Release|Any CPU.Build.0 = Release|Any CPU
		{6B792CE1-F3B8-423A-8514-5FDED2728521}.Debug|Any CPU.ActiveCfg = Debug|Any CPU
		{6B792CE1-F3B8-423A-8514-5FDED2728521}.Debug|Any CPU.Build.0 = Debug|Any CPU
		{6B792CE1-F3B8-423A-8514-5FDED2728521}.Release|Any CPU.ActiveCfg = Release|Any CPU
		{6B792CE1-F3B8-423A-8514-5FDED2728521}.Release|Any CPU.Build.0 = Release|Any CPU
		{F4F6AF02-FF97-4E01-909A-C50D19B1AC44}.Debug|Any CPU.ActiveCfg = Debug|Any CPU
		{F4F6AF02-FF97-4E01-909A-C50D19B1AC44}.Debug|Any CPU.Build.0 = Debug|Any CPU
		{F4F6AF02-FF97-4E01-909A-C50D19B1AC44}.Release|Any CPU.ActiveCfg = Release|Any CPU
		{F4F6AF02-FF97-4E01-909A-C50D19B1AC44}.Release|Any CPU.Build.0 = Release|Any CPU
		{A31D5B8A-306A-4B6F-BA6D-13F87B8D0111}.Debug|Any CPU.ActiveCfg = Debug|Any CPU
		{A31D5B8A-306A-4B6F-BA6D-13F87B8D0111}.Debug|Any CPU.Build.0 = Debug|Any CPU
		{A31D5B8A-306A-4B6F-BA6D-13F87B8D0111}.Release|Any CPU.ActiveCfg = Release|Any CPU
		{A31D5B8A-306A-4B6F-BA6D-13F87B8D0111}.Release|Any CPU.Build.0 = Release|Any CPU
	EndGlobalSection
	GlobalSection(SolutionProperties) = preSolution
		HideSolutionNode = FALSE
	EndGlobalSection
	GlobalSection(ExtensibilityGlobals) = postSolution
		SolutionGuid = {0B2659F5-DB22-4EA2-ADE3-6D17E7A97131}
	EndGlobalSection
EndGlobal
